
Microsoft Visual Studio Solution File, Format Version 12.00
# Visual Studio 15
VisualStudioVersion = 15.0.26124.0
MinimumVisualStudioVersion = 15.0.26124.0
Project("{2150E333-8FDC-42A3-9474-1A3956D46DE8}") = "Services", "Services", "{68F06FD6-9530-48EA-92A1-0D435EA41F0C}"
EndProject
Project("{9A19103F-16F7-4668-BE54-9A1E7A4F7556}") = "GatewayApi", "GatewayApi\GatewayApi.csproj", "{042FA4A6-375E-4E15-B9F3-0F9AD410E28D}"
EndProject
Project("{E53339B2-1760-4266-BCC7-CA923CBCF16C}") = "docker-compose", "docker-compose.dcproj", "{2D4BD1AA-A7C4-40C2-91CB-775C860D5C00}"
EndProject
Project("{9A19103F-16F7-4668-BE54-9A1E7A4F7556}") = "IdentityServer", "IdentityServer\IdentityServer.csproj", "{DC6BEF1F-4970-482E-B743-2ED816064FEF}"
EndProject
Project("{9A19103F-16F7-4668-BE54-9A1E7A4F7556}") = "NetworkService", "NetworkService\NetworkService.csproj", "{B736CA82-2A93-4D72-AD42-181F226955A1}"
EndProject
Project("{9A19103F-16F7-4668-BE54-9A1E7A4F7556}") = "GameService", "GameService\GameService.csproj", "{FCA9FB0B-EE73-4AF6-B400-7A51EACCFF11}"
EndProject
Project("{9A19103F-16F7-4668-BE54-9A1E7A4F7556}") = "ContentService", "ContentService\ContentService.csproj", "{4A7642B5-E258-4AD6-B728-A22F8E493D6A}"
EndProject
Project("{9A19103F-16F7-4668-BE54-9A1E7A4F7556}") = "ChatService", "ChatService\ChatService.csproj", "{77665767-7044-4E8E-B258-44D95B061360}"
EndProject
Project("{2150E333-8FDC-42A3-9474-1A3956D46DE8}") = "Helpers", "Helpers", "{5335474D-5E6A-4F6D-915D-558E6F875EAB}"
EndProject
Project("{9A19103F-16F7-4668-BE54-9A1E7A4F7556}") = "ResillienceHttp", "Helpers\ResillienceHttp\ResillienceHttp.csproj", "{5157B0A9-D077-4910-BAF9-B8B9EB0E8FDC}"
EndProject
Project("{9A19103F-16F7-4668-BE54-9A1E7A4F7556}") = "EventBusServiceBus", "Helpers\EventBusServiceBus\EventBusServiceBus.csproj", "{E5EE7E62-63E8-48A3-82B2-05BE14DB96FA}"
EndProject
Project("{9A19103F-16F7-4668-BE54-9A1E7A4F7556}") = "EventBusRabbitMq", "Helpers\EventBusRabbitMq\EventBusRabbitMq.csproj", "{52CBD65B-086D-49DA-88D0-A86B3EA20047}"
EndProject
Project("{9A19103F-16F7-4668-BE54-9A1E7A4F7556}") = "EventBus", "Helpers\EventBus\EventBus.csproj", "{039ED52B-A2FE-40E5-BA1B-D35C419B600E}"
EndProject
Project("{9A19103F-16F7-4668-BE54-9A1E7A4F7556}") = "WebHostCustomization", "Helpers\WebHostCustomization\WebHostCustomization.csproj", "{D1D1B00D-3A1E-4EFD-AEDD-B9B6D115F3C6}"
EndProject
Project("{2150E333-8FDC-42A3-9474-1A3956D46DE8}") = "Clients", "Clients", "{375ECFD9-87B2-4DAD-95A7-F499DABCDAF7}"
EndProject
Project("{FAE04EC0-301F-11D3-BF4B-00C04F79EFBC}") = "PwaSpaClient", "Clients\PwaSpaClient\PwaSpaClient.csproj", "{C7287FC5-FF37-4DA9-8B3A-5D0811E7EE7A}"
EndProject
Global
	GlobalSection(SolutionConfigurationPlatforms) = preSolution
		Debug|Any CPU = Debug|Any CPU
		Debug|x64 = Debug|x64
		Debug|x86 = Debug|x86
		Release|Any CPU = Release|Any CPU
		Release|x64 = Release|x64
		Release|x86 = Release|x86
	EndGlobalSection
	GlobalSection(ProjectConfigurationPlatforms) = postSolution
		{042FA4A6-375E-4E15-B9F3-0F9AD410E28D}.Debug|Any CPU.ActiveCfg = Debug|Any CPU
		{042FA4A6-375E-4E15-B9F3-0F9AD410E28D}.Debug|Any CPU.Build.0 = Debug|Any CPU
		{042FA4A6-375E-4E15-B9F3-0F9AD410E28D}.Debug|x64.ActiveCfg = Debug|Any CPU
		{042FA4A6-375E-4E15-B9F3-0F9AD410E28D}.Debug|x64.Build.0 = Debug|Any CPU
		{042FA4A6-375E-4E15-B9F3-0F9AD410E28D}.Debug|x86.ActiveCfg = Debug|Any CPU
		{042FA4A6-375E-4E15-B9F3-0F9AD410E28D}.Debug|x86.Build.0 = Debug|Any CPU
		{042FA4A6-375E-4E15-B9F3-0F9AD410E28D}.Release|Any CPU.ActiveCfg = Release|Any CPU
		{042FA4A6-375E-4E15-B9F3-0F9AD410E28D}.Release|Any CPU.Build.0 = Release|Any CPU
		{042FA4A6-375E-4E15-B9F3-0F9AD410E28D}.Release|x64.ActiveCfg = Release|Any CPU
		{042FA4A6-375E-4E15-B9F3-0F9AD410E28D}.Release|x64.Build.0 = Release|Any CPU
		{042FA4A6-375E-4E15-B9F3-0F9AD410E28D}.Release|x86.ActiveCfg = Release|Any CPU
		{042FA4A6-375E-4E15-B9F3-0F9AD410E28D}.Release|x86.Build.0 = Release|Any CPU
		{2D4BD1AA-A7C4-40C2-91CB-775C860D5C00}.Debug|Any CPU.ActiveCfg = Debug|Any CPU
		{2D4BD1AA-A7C4-40C2-91CB-775C860D5C00}.Debug|Any CPU.Build.0 = Debug|Any CPU
		{2D4BD1AA-A7C4-40C2-91CB-775C860D5C00}.Debug|x64.ActiveCfg = Debug|Any CPU
		{2D4BD1AA-A7C4-40C2-91CB-775C860D5C00}.Debug|x64.Build.0 = Debug|Any CPU
		{2D4BD1AA-A7C4-40C2-91CB-775C860D5C00}.Debug|x86.ActiveCfg = Debug|Any CPU
		{2D4BD1AA-A7C4-40C2-91CB-775C860D5C00}.Debug|x86.Build.0 = Debug|Any CPU
		{2D4BD1AA-A7C4-40C2-91CB-775C860D5C00}.Release|Any CPU.ActiveCfg = Release|Any CPU
		{2D4BD1AA-A7C4-40C2-91CB-775C860D5C00}.Release|Any CPU.Build.0 = Release|Any CPU
		{2D4BD1AA-A7C4-40C2-91CB-775C860D5C00}.Release|x64.ActiveCfg = Release|Any CPU
		{2D4BD1AA-A7C4-40C2-91CB-775C860D5C00}.Release|x64.Build.0 = Release|Any CPU
		{2D4BD1AA-A7C4-40C2-91CB-775C860D5C00}.Release|x86.ActiveCfg = Release|Any CPU
		{2D4BD1AA-A7C4-40C2-91CB-775C860D5C00}.Release|x86.Build.0 = Release|Any CPU
		{DC6BEF1F-4970-482E-B743-2ED816064FEF}.Debug|Any CPU.ActiveCfg = Debug|Any CPU
		{DC6BEF1F-4970-482E-B743-2ED816064FEF}.Debug|Any CPU.Build.0 = Debug|Any CPU
		{DC6BEF1F-4970-482E-B743-2ED816064FEF}.Debug|x64.ActiveCfg = Debug|Any CPU
		{DC6BEF1F-4970-482E-B743-2ED816064FEF}.Debug|x64.Build.0 = Debug|Any CPU
		{DC6BEF1F-4970-482E-B743-2ED816064FEF}.Debug|x86.ActiveCfg = Debug|Any CPU
		{DC6BEF1F-4970-482E-B743-2ED816064FEF}.Debug|x86.Build.0 = Debug|Any CPU
		{DC6BEF1F-4970-482E-B743-2ED816064FEF}.Release|Any CPU.ActiveCfg = Release|Any CPU
		{DC6BEF1F-4970-482E-B743-2ED816064FEF}.Release|Any CPU.Build.0 = Release|Any CPU
		{DC6BEF1F-4970-482E-B743-2ED816064FEF}.Release|x64.ActiveCfg = Release|Any CPU
		{DC6BEF1F-4970-482E-B743-2ED816064FEF}.Release|x64.Build.0 = Release|Any CPU
		{DC6BEF1F-4970-482E-B743-2ED816064FEF}.Release|x86.ActiveCfg = Release|Any CPU
		{DC6BEF1F-4970-482E-B743-2ED816064FEF}.Release|x86.Build.0 = Release|Any CPU
		{B736CA82-2A93-4D72-AD42-181F226955A1}.Debug|Any CPU.ActiveCfg = Debug|Any CPU
		{B736CA82-2A93-4D72-AD42-181F226955A1}.Debug|Any CPU.Build.0 = Debug|Any CPU
		{B736CA82-2A93-4D72-AD42-181F226955A1}.Debug|x64.ActiveCfg = Debug|Any CPU
		{B736CA82-2A93-4D72-AD42-181F226955A1}.Debug|x64.Build.0 = Debug|Any CPU
		{B736CA82-2A93-4D72-AD42-181F226955A1}.Debug|x86.ActiveCfg = Debug|Any CPU
		{B736CA82-2A93-4D72-AD42-181F226955A1}.Debug|x86.Build.0 = Debug|Any CPU
		{B736CA82-2A93-4D72-AD42-181F226955A1}.Release|Any CPU.ActiveCfg = Release|Any CPU
		{B736CA82-2A93-4D72-AD42-181F226955A1}.Release|Any CPU.Build.0 = Release|Any CPU
		{B736CA82-2A93-4D72-AD42-181F226955A1}.Release|x64.ActiveCfg = Release|Any CPU
		{B736CA82-2A93-4D72-AD42-181F226955A1}.Release|x64.Build.0 = Release|Any CPU
		{B736CA82-2A93-4D72-AD42-181F226955A1}.Release|x86.ActiveCfg = Release|Any CPU
		{B736CA82-2A93-4D72-AD42-181F226955A1}.Release|x86.Build.0 = Release|Any CPU
		{FCA9FB0B-EE73-4AF6-B400-7A51EACCFF11}.Debug|Any CPU.ActiveCfg = Debug|Any CPU
		{FCA9FB0B-EE73-4AF6-B400-7A51EACCFF11}.Debug|Any CPU.Build.0 = Debug|Any CPU
		{FCA9FB0B-EE73-4AF6-B400-7A51EACCFF11}.Debug|x64.ActiveCfg = Debug|Any CPU
		{FCA9FB0B-EE73-4AF6-B400-7A51EACCFF11}.Debug|x64.Build.0 = Debug|Any CPU
		{FCA9FB0B-EE73-4AF6-B400-7A51EACCFF11}.Debug|x86.ActiveCfg = Debug|Any CPU
		{FCA9FB0B-EE73-4AF6-B400-7A51EACCFF11}.Debug|x86.Build.0 = Debug|Any CPU
		{FCA9FB0B-EE73-4AF6-B400-7A51EACCFF11}.Release|Any CPU.ActiveCfg = Release|Any CPU
		{FCA9FB0B-EE73-4AF6-B400-7A51EACCFF11}.Release|Any CPU.Build.0 = Release|Any CPU
		{FCA9FB0B-EE73-4AF6-B400-7A51EACCFF11}.Release|x64.ActiveCfg = Release|Any CPU
		{FCA9FB0B-EE73-4AF6-B400-7A51EACCFF11}.Release|x64.Build.0 = Release|Any CPU
		{FCA9FB0B-EE73-4AF6-B400-7A51EACCFF11}.Release|x86.ActiveCfg = Release|Any CPU
		{FCA9FB0B-EE73-4AF6-B400-7A51EACCFF11}.Release|x86.Build.0 = Release|Any CPU
		{4A7642B5-E258-4AD6-B728-A22F8E493D6A}.Debug|Any CPU.ActiveCfg = Debug|Any CPU
		{4A7642B5-E258-4AD6-B728-A22F8E493D6A}.Debug|Any CPU.Build.0 = Debug|Any CPU
		{4A7642B5-E258-4AD6-B728-A22F8E493D6A}.Debug|x64.ActiveCfg = Debug|Any CPU
		{4A7642B5-E258-4AD6-B728-A22F8E493D6A}.Debug|x64.Build.0 = Debug|Any CPU
		{4A7642B5-E258-4AD6-B728-A22F8E493D6A}.Debug|x86.ActiveCfg = Debug|Any CPU
		{4A7642B5-E258-4AD6-B728-A22F8E493D6A}.Debug|x86.Build.0 = Debug|Any CPU
		{4A7642B5-E258-4AD6-B728-A22F8E493D6A}.Release|Any CPU.ActiveCfg = Release|Any CPU
		{4A7642B5-E258-4AD6-B728-A22F8E493D6A}.Release|Any CPU.Build.0 = Release|Any CPU
		{4A7642B5-E258-4AD6-B728-A22F8E493D6A}.Release|x64.ActiveCfg = Release|Any CPU
		{4A7642B5-E258-4AD6-B728-A22F8E493D6A}.Release|x64.Build.0 = Release|Any CPU
		{4A7642B5-E258-4AD6-B728-A22F8E493D6A}.Release|x86.ActiveCfg = Release|Any CPU
		{4A7642B5-E258-4AD6-B728-A22F8E493D6A}.Release|x86.Build.0 = Release|Any CPU
		{77665767-7044-4E8E-B258-44D95B061360}.Debug|Any CPU.ActiveCfg = Debug|Any CPU
		{77665767-7044-4E8E-B258-44D95B061360}.Debug|Any CPU.Build.0 = Debug|Any CPU
		{77665767-7044-4E8E-B258-44D95B061360}.Debug|x64.ActiveCfg = Debug|Any CPU
		{77665767-7044-4E8E-B258-44D95B061360}.Debug|x64.Build.0 = Debug|Any CPU
		{77665767-7044-4E8E-B258-44D95B061360}.Debug|x86.ActiveCfg = Debug|Any CPU
		{77665767-7044-4E8E-B258-44D95B061360}.Debug|x86.Build.0 = Debug|Any CPU
		{77665767-7044-4E8E-B258-44D95B061360}.Release|Any CPU.ActiveCfg = Release|Any CPU
		{77665767-7044-4E8E-B258-44D95B061360}.Release|Any CPU.Build.0 = Release|Any CPU
		{77665767-7044-4E8E-B258-44D95B061360}.Release|x64.ActiveCfg = Release|Any CPU
		{77665767-7044-4E8E-B258-44D95B061360}.Release|x64.Build.0 = Release|Any CPU
		{77665767-7044-4E8E-B258-44D95B061360}.Release|x86.ActiveCfg = Release|Any CPU
		{77665767-7044-4E8E-B258-44D95B061360}.Release|x86.Build.0 = Release|Any CPU
		{5157B0A9-D077-4910-BAF9-B8B9EB0E8FDC}.Debug|Any CPU.ActiveCfg = Debug|Any CPU
		{5157B0A9-D077-4910-BAF9-B8B9EB0E8FDC}.Debug|Any CPU.Build.0 = Debug|Any CPU
		{5157B0A9-D077-4910-BAF9-B8B9EB0E8FDC}.Debug|x64.ActiveCfg = Debug|Any CPU
		{5157B0A9-D077-4910-BAF9-B8B9EB0E8FDC}.Debug|x64.Build.0 = Debug|Any CPU
		{5157B0A9-D077-4910-BAF9-B8B9EB0E8FDC}.Debug|x86.ActiveCfg = Debug|Any CPU
		{5157B0A9-D077-4910-BAF9-B8B9EB0E8FDC}.Debug|x86.Build.0 = Debug|Any CPU
		{5157B0A9-D077-4910-BAF9-B8B9EB0E8FDC}.Release|Any CPU.ActiveCfg = Release|Any CPU
		{5157B0A9-D077-4910-BAF9-B8B9EB0E8FDC}.Release|Any CPU.Build.0 = Release|Any CPU
		{5157B0A9-D077-4910-BAF9-B8B9EB0E8FDC}.Release|x64.ActiveCfg = Release|Any CPU
		{5157B0A9-D077-4910-BAF9-B8B9EB0E8FDC}.Release|x64.Build.0 = Release|Any CPU
		{5157B0A9-D077-4910-BAF9-B8B9EB0E8FDC}.Release|x86.ActiveCfg = Release|Any CPU
		{5157B0A9-D077-4910-BAF9-B8B9EB0E8FDC}.Release|x86.Build.0 = Release|Any CPU
		{E5EE7E62-63E8-48A3-82B2-05BE14DB96FA}.Debug|Any CPU.ActiveCfg = Debug|Any CPU
		{E5EE7E62-63E8-48A3-82B2-05BE14DB96FA}.Debug|Any CPU.Build.0 = Debug|Any CPU
		{E5EE7E62-63E8-48A3-82B2-05BE14DB96FA}.Debug|x64.ActiveCfg = Debug|Any CPU
		{E5EE7E62-63E8-48A3-82B2-05BE14DB96FA}.Debug|x64.Build.0 = Debug|Any CPU
		{E5EE7E62-63E8-48A3-82B2-05BE14DB96FA}.Debug|x86.ActiveCfg = Debug|Any CPU
		{E5EE7E62-63E8-48A3-82B2-05BE14DB96FA}.Debug|x86.Build.0 = Debug|Any CPU
		{E5EE7E62-63E8-48A3-82B2-05BE14DB96FA}.Release|Any CPU.ActiveCfg = Release|Any CPU
		{E5EE7E62-63E8-48A3-82B2-05BE14DB96FA}.Release|Any CPU.Build.0 = Release|Any CPU
		{E5EE7E62-63E8-48A3-82B2-05BE14DB96FA}.Release|x64.ActiveCfg = Release|Any CPU
		{E5EE7E62-63E8-48A3-82B2-05BE14DB96FA}.Release|x64.Build.0 = Release|Any CPU
		{E5EE7E62-63E8-48A3-82B2-05BE14DB96FA}.Release|x86.ActiveCfg = Release|Any CPU
		{E5EE7E62-63E8-48A3-82B2-05BE14DB96FA}.Release|x86.Build.0 = Release|Any CPU
		{52CBD65B-086D-49DA-88D0-A86B3EA20047}.Debug|Any CPU.ActiveCfg = Debug|Any CPU
		{52CBD65B-086D-49DA-88D0-A86B3EA20047}.Debug|Any CPU.Build.0 = Debug|Any CPU
		{52CBD65B-086D-49DA-88D0-A86B3EA20047}.Debug|x64.ActiveCfg = Debug|Any CPU
		{52CBD65B-086D-49DA-88D0-A86B3EA20047}.Debug|x64.Build.0 = Debug|Any CPU
		{52CBD65B-086D-49DA-88D0-A86B3EA20047}.Debug|x86.ActiveCfg = Debug|Any CPU
		{52CBD65B-086D-49DA-88D0-A86B3EA20047}.Debug|x86.Build.0 = Debug|Any CPU
		{52CBD65B-086D-49DA-88D0-A86B3EA20047}.Release|Any CPU.ActiveCfg = Release|Any CPU
		{52CBD65B-086D-49DA-88D0-A86B3EA20047}.Release|Any CPU.Build.0 = Release|Any CPU
		{52CBD65B-086D-49DA-88D0-A86B3EA20047}.Release|x64.ActiveCfg = Release|Any CPU
		{52CBD65B-086D-49DA-88D0-A86B3EA20047}.Release|x64.Build.0 = Release|Any CPU
		{52CBD65B-086D-49DA-88D0-A86B3EA20047}.Release|x86.ActiveCfg = Release|Any CPU
		{52CBD65B-086D-49DA-88D0-A86B3EA20047}.Release|x86.Build.0 = Release|Any CPU
		{039ED52B-A2FE-40E5-BA1B-D35C419B600E}.Debug|Any CPU.ActiveCfg = Debug|Any CPU
		{039ED52B-A2FE-40E5-BA1B-D35C419B600E}.Debug|Any CPU.Build.0 = Debug|Any CPU
		{039ED52B-A2FE-40E5-BA1B-D35C419B600E}.Debug|x64.ActiveCfg = Debug|Any CPU
		{039ED52B-A2FE-40E5-BA1B-D35C419B600E}.Debug|x64.Build.0 = Debug|Any CPU
		{039ED52B-A2FE-40E5-BA1B-D35C419B600E}.Debug|x86.ActiveCfg = Debug|Any CPU
		{039ED52B-A2FE-40E5-BA1B-D35C419B600E}.Debug|x86.Build.0 = Debug|Any CPU
		{039ED52B-A2FE-40E5-BA1B-D35C419B600E}.Release|Any CPU.ActiveCfg = Release|Any CPU
		{039ED52B-A2FE-40E5-BA1B-D35C419B600E}.Release|Any CPU.Build.0 = Release|Any CPU
		{039ED52B-A2FE-40E5-BA1B-D35C419B600E}.Release|x64.ActiveCfg = Release|Any CPU
		{039ED52B-A2FE-40E5-BA1B-D35C419B600E}.Release|x64.Build.0 = Release|Any CPU
		{039ED52B-A2FE-40E5-BA1B-D35C419B600E}.Release|x86.ActiveCfg = Release|Any CPU
		{039ED52B-A2FE-40E5-BA1B-D35C419B600E}.Release|x86.Build.0 = Release|Any CPU
		{D1D1B00D-3A1E-4EFD-AEDD-B9B6D115F3C6}.Debug|Any CPU.ActiveCfg = Debug|Any CPU
		{D1D1B00D-3A1E-4EFD-AEDD-B9B6D115F3C6}.Debug|Any CPU.Build.0 = Debug|Any CPU
		{D1D1B00D-3A1E-4EFD-AEDD-B9B6D115F3C6}.Debug|x64.ActiveCfg = Debug|Any CPU
		{D1D1B00D-3A1E-4EFD-AEDD-B9B6D115F3C6}.Debug|x64.Build.0 = Debug|Any CPU
		{D1D1B00D-3A1E-4EFD-AEDD-B9B6D115F3C6}.Debug|x86.ActiveCfg = Debug|Any CPU
		{D1D1B00D-3A1E-4EFD-AEDD-B9B6D115F3C6}.Debug|x86.Build.0 = Debug|Any CPU
		{D1D1B00D-3A1E-4EFD-AEDD-B9B6D115F3C6}.Release|Any CPU.ActiveCfg = Release|Any CPU
		{D1D1B00D-3A1E-4EFD-AEDD-B9B6D115F3C6}.Release|Any CPU.Build.0 = Release|Any CPU
		{D1D1B00D-3A1E-4EFD-AEDD-B9B6D115F3C6}.Release|x64.ActiveCfg = Release|Any CPU
		{D1D1B00D-3A1E-4EFD-AEDD-B9B6D115F3C6}.Release|x64.Build.0 = Release|Any CPU
		{D1D1B00D-3A1E-4EFD-AEDD-B9B6D115F3C6}.Release|x86.ActiveCfg = Release|Any CPU
		{D1D1B00D-3A1E-4EFD-AEDD-B9B6D115F3C6}.Release|x86.Build.0 = Release|Any CPU
		{C7287FC5-FF37-4DA9-8B3A-5D0811E7EE7A}.Debug|Any CPU.ActiveCfg = Debug|Any CPU
		{C7287FC5-FF37-4DA9-8B3A-5D0811E7EE7A}.Debug|Any CPU.Build.0 = Debug|Any CPU
		{C7287FC5-FF37-4DA9-8B3A-5D0811E7EE7A}.Debug|x64.ActiveCfg = Debug|Any CPU
		{C7287FC5-FF37-4DA9-8B3A-5D0811E7EE7A}.Debug|x64.Build.0 = Debug|Any CPU
		{C7287FC5-FF37-4DA9-8B3A-5D0811E7EE7A}.Debug|x86.ActiveCfg = Debug|Any CPU
		{C7287FC5-FF37-4DA9-8B3A-5D0811E7EE7A}.Debug|x86.Build.0 = Debug|Any CPU
		{C7287FC5-FF37-4DA9-8B3A-5D0811E7EE7A}.Release|Any CPU.ActiveCfg = Release|Any CPU
		{C7287FC5-FF37-4DA9-8B3A-5D0811E7EE7A}.Release|Any CPU.Build.0 = Release|Any CPU
		{C7287FC5-FF37-4DA9-8B3A-5D0811E7EE7A}.Release|x64.ActiveCfg = Release|Any CPU
		{C7287FC5-FF37-4DA9-8B3A-5D0811E7EE7A}.Release|x64.Build.0 = Release|Any CPU
		{C7287FC5-FF37-4DA9-8B3A-5D0811E7EE7A}.Release|x86.ActiveCfg = Release|Any CPU
		{C7287FC5-FF37-4DA9-8B3A-5D0811E7EE7A}.Release|x86.Build.0 = Release|Any CPU
	EndGlobalSection
	GlobalSection(SolutionProperties) = preSolution
		HideSolutionNode = FALSE
	EndGlobalSection
	GlobalSection(NestedProjects) = preSolution
		{042FA4A6-375E-4E15-B9F3-0F9AD410E28D} = {68F06FD6-9530-48EA-92A1-0D435EA41F0C}
		{DC6BEF1F-4970-482E-B743-2ED816064FEF} = {68F06FD6-9530-48EA-92A1-0D435EA41F0C}
		{B736CA82-2A93-4D72-AD42-181F226955A1} = {68F06FD6-9530-48EA-92A1-0D435EA41F0C}
		{FCA9FB0B-EE73-4AF6-B400-7A51EACCFF11} = {68F06FD6-9530-48EA-92A1-0D435EA41F0C}
		{4A7642B5-E258-4AD6-B728-A22F8E493D6A} = {68F06FD6-9530-48EA-92A1-0D435EA41F0C}
		{77665767-7044-4E8E-B258-44D95B061360} = {68F06FD6-9530-48EA-92A1-0D435EA41F0C}
		{5157B0A9-D077-4910-BAF9-B8B9EB0E8FDC} = {5335474D-5E6A-4F6D-915D-558E6F875EAB}
		{E5EE7E62-63E8-48A3-82B2-05BE14DB96FA} = {5335474D-5E6A-4F6D-915D-558E6F875EAB}
		{52CBD65B-086D-49DA-88D0-A86B3EA20047} = {5335474D-5E6A-4F6D-915D-558E6F875EAB}
		{039ED52B-A2FE-40E5-BA1B-D35C419B600E} = {5335474D-5E6A-4F6D-915D-558E6F875EAB}
		{D1D1B00D-3A1E-4EFD-AEDD-B9B6D115F3C6} = {5335474D-5E6A-4F6D-915D-558E6F875EAB}
		{C7287FC5-FF37-4DA9-8B3A-5D0811E7EE7A} = {375ECFD9-87B2-4DAD-95A7-F499DABCDAF7}
	EndGlobalSection
	GlobalSection(ExtensibilityGlobals) = postSolution
		SolutionGuid = {21DA993E-34D0-4B14-A373-BCB89C688271}
	EndGlobalSection
EndGlobal
